// !$*UTF8*$!
{
	archiveVersion = 1;
	classes = {
	};
	objectVersion = 46;
	objects = {

/* Begin PBXBuildFile section */
		3B58150D230476C76B6590A3 /* Pods_Example.framework in Frameworks */ = {isa = PBXBuildFile; fileRef = CFBB400B283A8BDB61466B94 /* Pods_Example.framework */; };
		89F1A44D1EAE8A9D00CEC401 /* AppDelegate.swift in Sources */ = {isa = PBXBuildFile; fileRef = 89F1A44C1EAE8A9D00CEC401 /* AppDelegate.swift */; };
		89F1A44F1EAE8A9D00CEC401 /* ViewMain.swift in Sources */ = {isa = PBXBuildFile; fileRef = 89F1A44E1EAE8A9D00CEC401 /* ViewMain.swift */; };
		89F1A4521EAE8A9D00CEC401 /* Main.storyboard in Resources */ = {isa = PBXBuildFile; fileRef = 89F1A4501EAE8A9D00CEC401 /* Main.storyboard */; };
		89F1A4541EAE8A9D00CEC401 /* Assets.xcassets in Resources */ = {isa = PBXBuildFile; fileRef = 89F1A4531EAE8A9D00CEC401 /* Assets.xcassets */; };
		89F1A4621EAE8E3B00CEC401 /* ViewDetails.swift in Sources */ = {isa = PBXBuildFile; fileRef = 89F1A4611EAE8E3B00CEC401 /* ViewDetails.swift */; };
/* End PBXBuildFile section */

/* Begin PBXFileReference section */
		0EE011D8C8D05A82EC13102E /* Pods-Example.debug.xcconfig */ = {isa = PBXFileReference; includeInIndex = 1; lastKnownFileType = text.xcconfig; name = "Pods-Example.debug.xcconfig"; path = "../Pods/Target Support Files/Pods-Example/Pods-Example.debug.xcconfig"; sourceTree = "<group>"; };
		1513A40EFD1DE3813FAB8C06 /* Pods-Example.release.xcconfig */ = {isa = PBXFileReference; includeInIndex = 1; lastKnownFileType = text.xcconfig; name = "Pods-Example.release.xcconfig"; path = "../Pods/Target Support Files/Pods-Example/Pods-Example.release.xcconfig"; sourceTree = "<group>"; };
		89F1A4491EAE8A9D00CEC401 /* Example.app */ = {isa = PBXFileReference; explicitFileType = wrapper.application; includeInIndex = 0; path = Example.app; sourceTree = BUILT_PRODUCTS_DIR; };
		89F1A44C1EAE8A9D00CEC401 /* AppDelegate.swift */ = {isa = PBXFileReference; lastKnownFileType = sourcecode.swift; path = AppDelegate.swift; sourceTree = "<group>"; };
		89F1A44E1EAE8A9D00CEC401 /* ViewMain.swift */ = {isa = PBXFileReference; lastKnownFileType = sourcecode.swift; path = ViewMain.swift; sourceTree = "<group>"; };
		89F1A4511EAE8A9D00CEC401 /* Base */ = {isa = PBXFileReference; lastKnownFileType = file.storyboard; name = Base; path = Base.lproj/Main.storyboard; sourceTree = "<group>"; };
		89F1A4531EAE8A9D00CEC401 /* Assets.xcassets */ = {isa = PBXFileReference; lastKnownFileType = folder.assetcatalog; path = Assets.xcassets; sourceTree = "<group>"; };
		89F1A4551EAE8A9D00CEC401 /* Info.plist */ = {isa = PBXFileReference; lastKnownFileType = text.plist.xml; path = Info.plist; sourceTree = "<group>"; };
		89F1A4611EAE8E3B00CEC401 /* ViewDetails.swift */ = {isa = PBXFileReference; fileEncoding = 4; lastKnownFileType = sourcecode.swift; path = ViewDetails.swift; sourceTree = "<group>"; };
		CFBB400B283A8BDB61466B94 /* Pods_Example.framework */ = {isa = PBXFileReference; explicitFileType = wrapper.framework; includeInIndex = 0; path = Pods_Example.framework; sourceTree = BUILT_PRODUCTS_DIR; };
/* End PBXFileReference section */

/* Begin PBXFrameworksBuildPhase section */
		89F1A4461EAE8A9D00CEC401 /* Frameworks */ = {
			isa = PBXFrameworksBuildPhase;
			buildActionMask = 2147483647;
			files = (
				3B58150D230476C76B6590A3 /* Pods_Example.framework in Frameworks */,
			);
			runOnlyForDeploymentPostprocessing = 0;
		};
/* End PBXFrameworksBuildPhase section */

/* Begin PBXGroup section */
		23C42192EF0CD3600729E825 /* Pods */ = {
			isa = PBXGroup;
			children = (
				0EE011D8C8D05A82EC13102E /* Pods-Example.debug.xcconfig */,
				1513A40EFD1DE3813FAB8C06 /* Pods-Example.release.xcconfig */,
			);
			name = Pods;
			sourceTree = "<group>";
		};
		89F1A4401EAE8A9D00CEC401 = {
			isa = PBXGroup;
			children = (
				89F1A44B1EAE8A9D00CEC401 /* Example */,
				89F1A44A1EAE8A9D00CEC401 /* Products */,
				23C42192EF0CD3600729E825 /* Pods */,
				E85C2E82630F14624C2CEED7 /* Frameworks */,
			);
			sourceTree = "<group>";
		};
		89F1A44A1EAE8A9D00CEC401 /* Products */ = {
			isa = PBXGroup;
			children = (
				89F1A4491EAE8A9D00CEC401 /* Example.app */,
			);
			name = Products;
			sourceTree = "<group>";
		};
		89F1A44B1EAE8A9D00CEC401 /* Example */ = {
			isa = PBXGroup;
			children = (
				89F1A44C1EAE8A9D00CEC401 /* AppDelegate.swift */,
				89F1A44E1EAE8A9D00CEC401 /* ViewMain.swift */,
				89F1A4611EAE8E3B00CEC401 /* ViewDetails.swift */,
				89F1A4501EAE8A9D00CEC401 /* Main.storyboard */,
				89F1A4531EAE8A9D00CEC401 /* Assets.xcassets */,
				89F1A4551EAE8A9D00CEC401 /* Info.plist */,
			);
			path = Example;
			sourceTree = "<group>";
		};
		E85C2E82630F14624C2CEED7 /* Frameworks */ = {
			isa = PBXGroup;
			children = (
				CFBB400B283A8BDB61466B94 /* Pods_Example.framework */,
			);
			name = Frameworks;
			sourceTree = "<group>";
		};
/* End PBXGroup section */

/* Begin PBXNativeTarget section */
		89F1A4481EAE8A9D00CEC401 /* Example */ = {
			isa = PBXNativeTarget;
			buildConfigurationList = 89F1A4581EAE8A9D00CEC401 /* Build configuration list for PBXNativeTarget "Example" */;
			buildPhases = (
				628A629EE1BA9A6B84CDB953 /* [CP] Check Pods Manifest.lock */,
				89F1A4451EAE8A9D00CEC401 /* Sources */,
				89F1A4461EAE8A9D00CEC401 /* Frameworks */,
				89F1A4471EAE8A9D00CEC401 /* Resources */,
				C4C2ADB547A8782633878DEA /* [CP] Embed Pods Frameworks */,
				C7D62F24B1A4A8BDB003D6B6 /* [CP] Copy Pods Resources */,
			);
			buildRules = (
			);
			dependencies = (
			);
			name = Example;
			productName = Example;
			productReference = 89F1A4491EAE8A9D00CEC401 /* Example.app */;
			productType = "com.apple.product-type.application";
		};
/* End PBXNativeTarget section */

/* Begin PBXProject section */
		89F1A4411EAE8A9D00CEC401 /* Project object */ = {
			isa = PBXProject;
			attributes = {
				LastSwiftUpdateCheck = 0830;
				LastUpgradeCheck = 0830;
				ORGANIZATIONNAME = "Bruno Macabeus Aquino";
				TargetAttributes = {
					89F1A4481EAE8A9D00CEC401 = {
						CreatedOnToolsVersion = 8.3;
						DevelopmentTeam = 56KUK57QCP;
						ProvisioningStyle = Automatic;
					};
				};
			};
			buildConfigurationList = 89F1A4441EAE8A9D00CEC401 /* Build configuration list for PBXProject "Example" */;
			compatibilityVersion = "Xcode 3.2";
			developmentRegion = English;
			hasScannedForEncodings = 0;
			knownRegions = (
				en,
				Base,
			);
			mainGroup = 89F1A4401EAE8A9D00CEC401;
			productRefGroup = 89F1A44A1EAE8A9D00CEC401 /* Products */;
			projectDirPath = "";
			projectRoot = "";
			targets = (
				89F1A4481EAE8A9D00CEC401 /* Example */,
			);
		};
/* End PBXProject section */

/* Begin PBXResourcesBuildPhase section */
		89F1A4471EAE8A9D00CEC401 /* Resources */ = {
			isa = PBXResourcesBuildPhase;
			buildActionMask = 2147483647;
			files = (
				89F1A4541EAE8A9D00CEC401 /* Assets.xcassets in Resources */,
				89F1A4521EAE8A9D00CEC401 /* Main.storyboard in Resources */,
			);
			runOnlyForDeploymentPostprocessing = 0;
		};
/* End PBXResourcesBuildPhase section */

/* Begin PBXShellScriptBuildPhase section */
		628A629EE1BA9A6B84CDB953 /* [CP] Check Pods Manifest.lock */ = {
			isa = PBXShellScriptBuildPhase;
			buildActionMask = 2147483647;
			files = (
			);
			inputPaths = (
			);
			name = "[CP] Check Pods Manifest.lock";
			outputPaths = (
			);
			runOnlyForDeploymentPostprocessing = 0;
			shellPath = /bin/sh;
			shellScript = "diff \"${PODS_PODFILE_DIR_PATH}/Podfile.lock\" \"${PODS_ROOT}/Manifest.lock\" > /dev/null\nif [ $? != 0 ] ; then\n    # print error to STDERR\n    echo \"error: The sandbox is not in sync with the Podfile.lock. Run 'pod install' or update your CocoaPods installation.\" >&2\n    exit 1\nfi\n";
			showEnvVarsInLog = 0;
		};
		C4C2ADB547A8782633878DEA /* [CP] Embed Pods Frameworks */ = {
			isa = PBXShellScriptBuildPhase;
			buildActionMask = 2147483647;
			files = (
			);
			inputPaths = (
			);
			name = "[CP] Embed Pods Frameworks";
			outputPaths = (
			);
			runOnlyForDeploymentPostprocessing = 0;
			shellPath = /bin/sh;
			shellScript = "\"${SRCROOT}/../Pods/Target Support Files/Pods-Example/Pods-Example-frameworks.sh\"\n";
			showEnvVarsInLog = 0;
		};
		C7D62F24B1A4A8BDB003D6B6 /* [CP] Copy Pods Resources */ = {
			isa = PBXShellScriptBuildPhase;
			buildActionMask = 2147483647;
			files = (
			);
			inputPaths = (
			);
			name = "[CP] Copy Pods Resources";
			outputPaths = (
			);
			runOnlyForDeploymentPostprocessing = 0;
			shellPath = /bin/sh;
			shellScript = "\"${SRCROOT}/../Pods/Target Support Files/Pods-Example/Pods-Example-resources.sh\"\n";
			showEnvVarsInLog = 0;
		};
/* End PBXShellScriptBuildPhase section */

/* Begin PBXSourcesBuildPhase section */
		89F1A4451EAE8A9D00CEC401 /* Sources */ = {
			isa = PBXSourcesBuildPhase;
			buildActionMask = 2147483647;
			files = (
				89F1A44F1EAE8A9D00CEC401 /* ViewMain.swift in Sources */,
				89F1A44D1EAE8A9D00CEC401 /* AppDelegate.swift in Sources */,
				89F1A4621EAE8E3B00CEC401 /* ViewDetails.swift in Sources */,
			);
			runOnlyForDeploymentPostprocessing = 0;
		};
/* End PBXSourcesBuildPhase section */

/* Begin PBXVariantGroup section */
		89F1A4501EAE8A9D00CEC401 /* Main.storyboard */ = {
			isa = PBXVariantGroup;
			children = (
				89F1A4511EAE8A9D00CEC401 /* Base */,
			);
			name = Main.storyboard;
			sourceTree = "<group>";
		};
/* End PBXVariantGroup section */

/* Begin XCBuildConfiguration section */
		89F1A4561EAE8A9D00CEC401 /* Debug */ = {
			isa = XCBuildConfiguration;
			buildSettings = {
				ALWAYS_SEARCH_USER_PATHS = NO;
				CLANG_ANALYZER_NONNULL = YES;
				CLANG_ANALYZER_NUMBER_OBJECT_CONVERSION = YES_AGGRESSIVE;
				CLANG_CXX_LANGUAGE_STANDARD = "gnu++0x";
				CLANG_CXX_LIBRARY = "libc++";
				CLANG_ENABLE_MODULES = YES;
				CLANG_ENABLE_OBJC_ARC = YES;
				CLANG_WARN_BOOL_CONVERSION = YES;
				CLANG_WARN_CONSTANT_CONVERSION = YES;
				CLANG_WARN_DIRECT_OBJC_ISA_USAGE = YES_ERROR;
				CLANG_WARN_DOCUMENTATION_COMMENTS = YES;
				CLANG_WARN_EMPTY_BODY = YES;
				CLANG_WARN_ENUM_CONVERSION = YES;
				CLANG_WARN_INFINITE_RECURSION = YES;
				CLANG_WARN_INT_CONVERSION = YES;
				CLANG_WARN_OBJC_ROOT_CLASS = YES_ERROR;
				CLANG_WARN_SUSPICIOUS_MOVE = YES;
				CLANG_WARN_UNREACHABLE_CODE = YES;
				CLANG_WARN__DUPLICATE_METHOD_MATCH = YES;
				COPY_PHASE_STRIP = NO;
				DEBUG_INFORMATION_FORMAT = dwarf;
				ENABLE_STRICT_OBJC_MSGSEND = YES;
				ENABLE_TESTABILITY = YES;
				GCC_C_LANGUAGE_STANDARD = gnu99;
				GCC_DYNAMIC_NO_PIC = NO;
				GCC_NO_COMMON_BLOCKS = YES;
				GCC_OPTIMIZATION_LEVEL = 0;
				GCC_PREPROCESSOR_DEFINITIONS = (
					"DEBUG=1",
					"$(inherited)",
				);
				GCC_WARN_64_TO_32_BIT_CONVERSION = YES;
				GCC_WARN_ABOUT_RETURN_TYPE = YES_ERROR;
				GCC_WARN_UNDECLARED_SELECTOR = YES;
				GCC_WARN_UNINITIALIZED_AUTOS = YES_AGGRESSIVE;
				GCC_WARN_UNUSED_FUNCTION = YES;
				GCC_WARN_UNUSED_VARIABLE = YES;
				MTL_ENABLE_DEBUG_INFO = YES;
				ONLY_ACTIVE_ARCH = YES;
				SDKROOT = appletvos;
				SWIFT_ACTIVE_COMPILATION_CONDITIONS = DEBUG;
				SWIFT_OPTIMIZATION_LEVEL = "-Onone";
				TARGETED_DEVICE_FAMILY = 3;
				TVOS_DEPLOYMENT_TARGET = 10.2;
			};
			name = Debug;
		};
		89F1A4571EAE8A9D00CEC401 /* Release */ = {
			isa = XCBuildConfiguration;
			buildSettings = {
				ALWAYS_SEARCH_USER_PATHS = NO;
				CLANG_ANALYZER_NONNULL = YES;
				CLANG_ANALYZER_NUMBER_OBJECT_CONVERSION = YES_AGGRESSIVE;
				CLANG_CXX_LANGUAGE_STANDARD = "gnu++0x";
				CLANG_CXX_LIBRARY = "libc++";
				CLANG_ENABLE_MODULES = YES;
				CLANG_ENABLE_OBJC_ARC = YES;
				CLANG_WARN_BOOL_CONVERSION = YES;
				CLANG_WARN_CONSTANT_CONVERSION = YES;
				CLANG_WARN_DIRECT_OBJC_ISA_USAGE = YES_ERROR;
				CLANG_WARN_DOCUMENTATION_COMMENTS = YES;
				CLANG_WARN_EMPTY_BODY = YES;
				CLANG_WARN_ENUM_CONVERSION = YES;
				CLANG_WARN_INFINITE_RECURSION = YES;
				CLANG_WARN_INT_CONVERSION = YES;
				CLANG_WARN_OBJC_ROOT_CLASS = YES_ERROR;
				CLANG_WARN_SUSPICIOUS_MOVE = YES;
				CLANG_WARN_UNREACHABLE_CODE = YES;
				CLANG_WARN__DUPLICATE_METHOD_MATCH = YES;
				COPY_PHASE_STRIP = NO;
				DEBUG_INFORMATION_FORMAT = "dwarf-with-dsym";
				ENABLE_NS_ASSERTIONS = NO;
				ENABLE_STRICT_OBJC_MSGSEND = YES;
				GCC_C_LANGUAGE_STANDARD = gnu99;
				GCC_NO_COMMON_BLOCKS = YES;
				GCC_WARN_64_TO_32_BIT_CONVERSION = YES;
				GCC_WARN_ABOUT_RETURN_TYPE = YES_ERROR;
				GCC_WARN_UNDECLARED_SELECTOR = YES;
				GCC_WARN_UNINITIALIZED_AUTOS = YES_AGGRESSIVE;
				GCC_WARN_UNUSED_FUNCTION = YES;
				GCC_WARN_UNUSED_VARIABLE = YES;
				MTL_ENABLE_DEBUG_INFO = NO;
				SDKROOT = appletvos;
				SWIFT_OPTIMIZATION_LEVEL = "-Owholemodule";
				TARGETED_DEVICE_FAMILY = 3;
				TVOS_DEPLOYMENT_TARGET = 10.2;
				VALIDATE_PRODUCT = YES;
			};
			name = Release;
		};
		89F1A4591EAE8A9D00CEC401 /* Debug */ = {
			isa = XCBuildConfiguration;
			baseConfigurationReference = 0EE011D8C8D05A82EC13102E /* Pods-Example.debug.xcconfig */;
			buildSettings = {
				ASSETCATALOG_COMPILER_APPICON_NAME = "App Icon & Top Shelf Image";
				ASSETCATALOG_COMPILER_LAUNCHIMAGE_NAME = LaunchImage;
				DEVELOPMENT_TEAM = 56KUK57QCP;
				INFOPLIST_FILE = Example/Info.plist;
				LD_RUNPATH_SEARCH_PATHS = "$(inherited) @executable_path/Frameworks";
				PRODUCT_BUNDLE_IDENTIFIER = macabeus.Example;
				PRODUCT_NAME = "$(TARGET_NAME)";
				SWIFT_VERSION = 3.0;
			};
			name = Debug;
		};
		89F1A45A1EAE8A9D00CEC401 /* Release */ = {
			isa = XCBuildConfiguration;
			baseConfigurationReference = 1513A40EFD1DE3813FAB8C06 /* Pods-Example.release.xcconfig */;
			buildSettings = {
				ASSETCATALOG_COMPILER_APPICON_NAME = "App Icon & Top Shelf Image";
				ASSETCATALOG_COMPILER_LAUNCHIMAGE_NAME = LaunchImage;
				DEVELOPMENT_TEAM = 56KUK57QCP;
				INFOPLIST_FILE = Example/Info.plist;
				LD_RUNPATH_SEARCH_PATHS = "$(inherited) @executable_path/Frameworks";
				PRODUCT_BUNDLE_IDENTIFIER = macabeus.Example;
				PRODUCT_NAME = "$(TARGET_NAME)";
				SWIFT_VERSION = 3.0;
			};
			name = Release;
		};
/* End XCBuildConfiguration section */

/* Begin XCConfigurationList section */
		89F1A4441EAE8A9D00CEC401 /* Build configuration list for PBXProject "Example" */ = {
			isa = XCConfigurationList;
			buildConfigurations = (
				89F1A4561EAE8A9D00CEC401 /* Debug */,
				89F1A4571EAE8A9D00CEC401 /* Release */,
			);
			defaultConfigurationIsVisible = 0;
			defaultConfigurationName = Release;
		};
		89F1A4581EAE8A9D00CEC401 /* Build configuration list for PBXNativeTarget "Example" */ = {
			isa = XCConfigurationList;
			buildConfigurations = (
				89F1A4591EAE8A9D00CEC401 /* Debug */,
				89F1A45A1EAE8A9D00CEC401 /* Release */,
			);
			defaultConfigurationIsVisible = 0;
			defaultConfigurationName = Release;
		};
/* End XCConfigurationList section */
	};
	rootObject = 89F1A4411EAE8A9D00CEC401 /* Project object */;
}
